
Microsoft Visual Studio Solution File, Format Version 12.00
# Visual Studio 15
VisualStudioVersion = 15.0.26124.0
MinimumVisualStudioVersion = 15.0.26124.0
Project("{2150E333-8FDC-42A3-9474-1A3956D46DE8}") = "src", "src", "{EA2E3615-C2A0-4555-9138-059A54920AAB}"
EndProject
Project("{F2A71F9B-5D33-465A-A702-920D77279786}") = "Core", "src\Core\Core.fsproj", "{EE0B7557-A741-460A-B9D8-55A89CAB1372}"
EndProject
Project("{F2A71F9B-5D33-465A-A702-920D77279786}") = "Parser", "src\Parser\Parser.fsproj", "{6F3D0985-AFE2-49CA-A7F2-8674B52C5B9D}"
EndProject
Project("{2150E333-8FDC-42A3-9474-1A3956D46DE8}") = "tests", "tests", "{26C6302B-D215-47C4-B31E-896FEABDD268}"
EndProject
Project("{F2A71F9B-5D33-465A-A702-920D77279786}") = "Core.Tests", "tests\Core.Tests\Core.Tests.fsproj", "{2B99531E-2139-4636-8B15-8179CF5D0236}"
EndProject
Global
	GlobalSection(SolutionConfigurationPlatforms) = preSolution
		Debug|Any CPU = Debug|Any CPU
		Debug|x64 = Debug|x64
		Debug|x86 = Debug|x86
		Release|Any CPU = Release|Any CPU
		Release|x64 = Release|x64
		Release|x86 = Release|x86
	EndGlobalSection
	GlobalSection(SolutionProperties) = preSolution
		HideSolutionNode = FALSE
	EndGlobalSection
	GlobalSection(ProjectConfigurationPlatforms) = postSolution
		{EE0B7557-A741-460A-B9D8-55A89CAB1372}.Debug|Any CPU.ActiveCfg = Debug|Any CPU
		{EE0B7557-A741-460A-B9D8-55A89CAB1372}.Debug|Any CPU.Build.0 = Debug|Any CPU
		{EE0B7557-A741-460A-B9D8-55A89CAB1372}.Debug|x64.ActiveCfg = Debug|Any CPU
		{EE0B7557-A741-460A-B9D8-55A89CAB1372}.Debug|x64.Build.0 = Debug|Any CPU
		{EE0B7557-A741-460A-B9D8-55A89CAB1372}.Debug|x86.ActiveCfg = Debug|Any CPU
		{EE0B7557-A741-460A-B9D8-55A89CAB1372}.Debug|x86.Build.0 = Debug|Any CPU
		{EE0B7557-A741-460A-B9D8-55A89CAB1372}.Release|Any CPU.ActiveCfg = Release|Any CPU
		{EE0B7557-A741-460A-B9D8-55A89CAB1372}.Release|Any CPU.Build.0 = Release|Any CPU
		{EE0B7557-A741-460A-B9D8-55A89CAB1372}.Release|x64.ActiveCfg = Release|Any CPU
		{EE0B7557-A741-460A-B9D8-55A89CAB1372}.Release|x64.Build.0 = Release|Any CPU
		{EE0B7557-A741-460A-B9D8-55A89CAB1372}.Release|x86.ActiveCfg = Release|Any CPU
		{EE0B7557-A741-460A-B9D8-55A89CAB1372}.Release|x86.Build.0 = Release|Any CPU
		{6F3D0985-AFE2-49CA-A7F2-8674B52C5B9D}.Debug|Any CPU.ActiveCfg = Debug|Any CPU
		{6F3D0985-AFE2-49CA-A7F2-8674B52C5B9D}.Debug|Any CPU.Build.0 = Debug|Any CPU
		{6F3D0985-AFE2-49CA-A7F2-8674B52C5B9D}.Debug|x64.ActiveCfg = Debug|Any CPU
		{6F3D0985-AFE2-49CA-A7F2-8674B52C5B9D}.Debug|x64.Build.0 = Debug|Any CPU
		{6F3D0985-AFE2-49CA-A7F2-8674B52C5B9D}.Debug|x86.ActiveCfg = Debug|Any CPU
		{6F3D0985-AFE2-49CA-A7F2-8674B52C5B9D}.Debug|x86.Build.0 = Debug|Any CPU
		{6F3D0985-AFE2-49CA-A7F2-8674B52C5B9D}.Release|Any CPU.ActiveCfg = Release|Any CPU
		{6F3D0985-AFE2-49CA-A7F2-8674B52C5B9D}.Release|Any CPU.Build.0 = Release|Any CPU
		{6F3D0985-AFE2-49CA-A7F2-8674B52C5B9D}.Release|x64.ActiveCfg = Release|Any CPU
		{6F3D0985-AFE2-49CA-A7F2-8674B52C5B9D}.Release|x64.Build.0 = Release|Any CPU
		{6F3D0985-AFE2-49CA-A7F2-8674B52C5B9D}.Release|x86.ActiveCfg = Release|Any CPU
		{6F3D0985-AFE2-49CA-A7F2-8674B52C5B9D}.Release|x86.Build.0 = Release|Any CPU
		{2B99531E-2139-4636-8B15-8179CF5D0236}.Debug|Any CPU.ActiveCfg = Debug|Any CPU
		{2B99531E-2139-4636-8B15-8179CF5D0236}.Debug|Any CPU.Build.0 = Debug|Any CPU
		{2B99531E-2139-4636-8B15-8179CF5D0236}.Debug|x64.ActiveCfg = Debug|Any CPU
		{2B99531E-2139-4636-8B15-8179CF5D0236}.Debug|x64.Build.0 = Debug|Any CPU
		{2B99531E-2139-4636-8B15-8179CF5D0236}.Debug|x86.ActiveCfg = Debug|Any CPU
		{2B99531E-2139-4636-8B15-8179CF5D0236}.Debug|x86.Build.0 = Debug|Any CPU
		{2B99531E-2139-4636-8B15-8179CF5D0236}.Release|Any CPU.ActiveCfg = Release|Any CPU
		{2B99531E-2139-4636-8B15-8179CF5D0236}.Release|Any CPU.Build.0 = Release|Any CPU
		{2B99531E-2139-4636-8B15-8179CF5D0236}.Release|x64.ActiveCfg = Release|Any CPU
		{2B99531E-2139-4636-8B15-8179CF5D0236}.Release|x64.Build.0 = Release|Any CPU
		{2B99531E-2139-4636-8B15-8179CF5D0236}.Release|x86.ActiveCfg = Release|Any CPU
		{2B99531E-2139-4636-8B15-8179CF5D0236}.Release|x86.Build.0 = Release|Any CPU
	EndGlobalSection
	GlobalSection(NestedProjects) = preSolution
		{EE0B7557-A741-460A-B9D8-55A89CAB1372} = {EA2E3615-C2A0-4555-9138-059A54920AAB}
		{6F3D0985-AFE2-49CA-A7F2-8674B52C5B9D} = {EA2E3615-C2A0-4555-9138-059A54920AAB}
		{2B99531E-2139-4636-8B15-8179CF5D0236} = {26C6302B-D215-47C4-B31E-896FEABDD268}
	EndGlobalSection
EndGlobal
