
Microsoft Visual Studio Solution File, Format Version 12.00
# Visual Studio 15
VisualStudioVersion = 15.0.26124.0
MinimumVisualStudioVersion = 15.0.26124.0
Project("{2150E333-8FDC-42A3-9474-1A3956D46DE8}") = "src", "src", "{B88BA71A-7185-47D2-BDD5-9CBC240404C3}"
EndProject
Project("{F2A71F9B-5D33-465A-A702-920D77279786}") = "Core", "src\Core\Core.fsproj", "{B7EFDBF0-E4D6-4553-AA12-BD84D8F97771}"
EndProject
Project("{F2A71F9B-5D33-465A-A702-920D77279786}") = "Parser", "src\Parser\Parser.fsproj", "{6615093E-6D96-4E96-AD67-A84123FD6AF2}"
EndProject
Project("{2150E333-8FDC-42A3-9474-1A3956D46DE8}") = "tests", "tests", "{6B1E4728-271E-4CAF-A524-DA0149F317D5}"
EndProject
Project("{F2A71F9B-5D33-465A-A702-920D77279786}") = "Core.Tests", "tests\Core.Tests\Core.Tests.fsproj", "{026D9BD3-E1FE-40E4-8CA6-176EEA3D8DAA}"
EndProject
Global
	GlobalSection(SolutionConfigurationPlatforms) = preSolution
		Debug|Any CPU = Debug|Any CPU
		Debug|x64 = Debug|x64
		Debug|x86 = Debug|x86
		Release|Any CPU = Release|Any CPU
		Release|x64 = Release|x64
		Release|x86 = Release|x86
	EndGlobalSection
	GlobalSection(SolutionProperties) = preSolution
		HideSolutionNode = FALSE
	EndGlobalSection
	GlobalSection(ProjectConfigurationPlatforms) = postSolution
		{B7EFDBF0-E4D6-4553-AA12-BD84D8F97771}.Debug|Any CPU.ActiveCfg = Debug|Any CPU
		{B7EFDBF0-E4D6-4553-AA12-BD84D8F97771}.Debug|Any CPU.Build.0 = Debug|Any CPU
		{B7EFDBF0-E4D6-4553-AA12-BD84D8F97771}.Debug|x64.ActiveCfg = Debug|Any CPU
		{B7EFDBF0-E4D6-4553-AA12-BD84D8F97771}.Debug|x64.Build.0 = Debug|Any CPU
		{B7EFDBF0-E4D6-4553-AA12-BD84D8F97771}.Debug|x86.ActiveCfg = Debug|Any CPU
		{B7EFDBF0-E4D6-4553-AA12-BD84D8F97771}.Debug|x86.Build.0 = Debug|Any CPU
		{B7EFDBF0-E4D6-4553-AA12-BD84D8F97771}.Release|Any CPU.ActiveCfg = Release|Any CPU
		{B7EFDBF0-E4D6-4553-AA12-BD84D8F97771}.Release|Any CPU.Build.0 = Release|Any CPU
		{B7EFDBF0-E4D6-4553-AA12-BD84D8F97771}.Release|x64.ActiveCfg = Release|Any CPU
		{B7EFDBF0-E4D6-4553-AA12-BD84D8F97771}.Release|x64.Build.0 = Release|Any CPU
		{B7EFDBF0-E4D6-4553-AA12-BD84D8F97771}.Release|x86.ActiveCfg = Release|Any CPU
		{B7EFDBF0-E4D6-4553-AA12-BD84D8F97771}.Release|x86.Build.0 = Release|Any CPU
		{6615093E-6D96-4E96-AD67-A84123FD6AF2}.Debug|Any CPU.ActiveCfg = Debug|Any CPU
		{6615093E-6D96-4E96-AD67-A84123FD6AF2}.Debug|Any CPU.Build.0 = Debug|Any CPU
		{6615093E-6D96-4E96-AD67-A84123FD6AF2}.Debug|x64.ActiveCfg = Debug|Any CPU
		{6615093E-6D96-4E96-AD67-A84123FD6AF2}.Debug|x64.Build.0 = Debug|Any CPU
		{6615093E-6D96-4E96-AD67-A84123FD6AF2}.Debug|x86.ActiveCfg = Debug|Any CPU
		{6615093E-6D96-4E96-AD67-A84123FD6AF2}.Debug|x86.Build.0 = Debug|Any CPU
		{6615093E-6D96-4E96-AD67-A84123FD6AF2}.Release|Any CPU.ActiveCfg = Release|Any CPU
		{6615093E-6D96-4E96-AD67-A84123FD6AF2}.Release|Any CPU.Build.0 = Release|Any CPU
		{6615093E-6D96-4E96-AD67-A84123FD6AF2}.Release|x64.ActiveCfg = Release|Any CPU
		{6615093E-6D96-4E96-AD67-A84123FD6AF2}.Release|x64.Build.0 = Release|Any CPU
		{6615093E-6D96-4E96-AD67-A84123FD6AF2}.Release|x86.ActiveCfg = Release|Any CPU
		{6615093E-6D96-4E96-AD67-A84123FD6AF2}.Release|x86.Build.0 = Release|Any CPU
		{026D9BD3-E1FE-40E4-8CA6-176EEA3D8DAA}.Debug|Any CPU.ActiveCfg = Debug|Any CPU
		{026D9BD3-E1FE-40E4-8CA6-176EEA3D8DAA}.Debug|Any CPU.Build.0 = Debug|Any CPU
		{026D9BD3-E1FE-40E4-8CA6-176EEA3D8DAA}.Debug|x64.ActiveCfg = Debug|Any CPU
		{026D9BD3-E1FE-40E4-8CA6-176EEA3D8DAA}.Debug|x64.Build.0 = Debug|Any CPU
		{026D9BD3-E1FE-40E4-8CA6-176EEA3D8DAA}.Debug|x86.ActiveCfg = Debug|Any CPU
		{026D9BD3-E1FE-40E4-8CA6-176EEA3D8DAA}.Debug|x86.Build.0 = Debug|Any CPU
		{026D9BD3-E1FE-40E4-8CA6-176EEA3D8DAA}.Release|Any CPU.ActiveCfg = Release|Any CPU
		{026D9BD3-E1FE-40E4-8CA6-176EEA3D8DAA}.Release|Any CPU.Build.0 = Release|Any CPU
		{026D9BD3-E1FE-40E4-8CA6-176EEA3D8DAA}.Release|x64.ActiveCfg = Release|Any CPU
		{026D9BD3-E1FE-40E4-8CA6-176EEA3D8DAA}.Release|x64.Build.0 = Release|Any CPU
		{026D9BD3-E1FE-40E4-8CA6-176EEA3D8DAA}.Release|x86.ActiveCfg = Release|Any CPU
		{026D9BD3-E1FE-40E4-8CA6-176EEA3D8DAA}.Release|x86.Build.0 = Release|Any CPU
	EndGlobalSection
	GlobalSection(NestedProjects) = preSolution
		{B7EFDBF0-E4D6-4553-AA12-BD84D8F97771} = {B88BA71A-7185-47D2-BDD5-9CBC240404C3}
		{6615093E-6D96-4E96-AD67-A84123FD6AF2} = {B88BA71A-7185-47D2-BDD5-9CBC240404C3}
		{026D9BD3-E1FE-40E4-8CA6-176EEA3D8DAA} = {6B1E4728-271E-4CAF-A524-DA0149F317D5}
	EndGlobalSection
EndGlobal
